// !$*UTF8*$!
{
	archiveVersion = 1;
	classes = {
	};
	objectVersion = 46;
	objects = {

/* Begin PBXBuildFile section */
		1B0A37851DDE4B4B00E095D6 /* SodaAPIClient.swift in Sources */ = {isa = PBXBuildFile; fileRef = 1B0A37811DDE4B4B00E095D6 /* SodaAPIClient.swift */; };
		1B0A37861DDE4B4B00E095D6 /* Secrets.swift in Sources */ = {isa = PBXBuildFile; fileRef = 1B0A37821DDE4B4B00E095D6 /* Secrets.swift */; };
		1B0A37871DDE4B4B00E095D6 /* Landmark.swift in Sources */ = {isa = PBXBuildFile; fileRef = 1B0A37831DDE4B4B00E095D6 /* Landmark.swift */; };
		1B0A37881DDE4B4B00E095D6 /* DataStore.swift in Sources */ = {isa = PBXBuildFile; fileRef = 1B0A37841DDE4B4B00E095D6 /* DataStore.swift */; };
		1B0BBE081DDF588E0018E274 /* LocationManager.swift in Sources */ = {isa = PBXBuildFile; fileRef = 1B0BBE071DDF588E0018E274 /* LocationManager.swift */; };
		1B1209301DE374D8003E306E /* UnlocatedTableViewController.swift in Sources */ = {isa = PBXBuildFile; fileRef = 1B12092F1DE374D8003E306E /* UnlocatedTableViewController.swift */; };
		1B1209331DE377B4003E306E /* UnlocatedDetailViewController.swift in Sources */ = {isa = PBXBuildFile; fileRef = 1B1209321DE377B4003E306E /* UnlocatedDetailViewController.swift */; };
		1B1D71701DDD099E00CB1D3F /* FirebaseInteractor.swift in Sources */ = {isa = PBXBuildFile; fileRef = 1B1D716F1DDD099E00CB1D3F /* FirebaseInteractor.swift */; };
		1B1D71721DDD0C9D00CB1D3F /* GoogleService-Info.plist in Resources */ = {isa = PBXBuildFile; fileRef = 1B1D71711DDD0C9D00CB1D3F /* GoogleService-Info.plist */; };
		1B4517AE1DDD059A0060292D /* AppDelegate.swift in Sources */ = {isa = PBXBuildFile; fileRef = 1B4517AD1DDD059A0060292D /* AppDelegate.swift */; };
		1B4517B01DDD059A0060292D /* ViewController.swift in Sources */ = {isa = PBXBuildFile; fileRef = 1B4517AF1DDD059A0060292D /* ViewController.swift */; };
		1B4517B31DDD059A0060292D /* Main.storyboard in Resources */ = {isa = PBXBuildFile; fileRef = 1B4517B11DDD059A0060292D /* Main.storyboard */; };
		1B4517B51DDD059A0060292D /* Assets.xcassets in Resources */ = {isa = PBXBuildFile; fileRef = 1B4517B41DDD059A0060292D /* Assets.xcassets */; };
		1B4517B81DDD059A0060292D /* LaunchScreen.storyboard in Resources */ = {isa = PBXBuildFile; fileRef = 1B4517B61DDD059A0060292D /* LaunchScreen.storyboard */; };
		2A39F04060EB60802B29BB1B /* Pods_LemonHandshakeDatabase.framework in Frameworks */ = {isa = PBXBuildFile; fileRef = 0DFE646C94E904F805154D8F /* Pods_LemonHandshakeDatabase.framework */; };
/* End PBXBuildFile section */

/* Begin PBXFileReference section */
		0DFE646C94E904F805154D8F /* Pods_LemonHandshakeDatabase.framework */ = {isa = PBXFileReference; explicitFileType = wrapper.framework; includeInIndex = 0; path = Pods_LemonHandshakeDatabase.framework; sourceTree = BUILT_PRODUCTS_DIR; };
		1B0A37811DDE4B4B00E095D6 /* SodaAPIClient.swift */ = {isa = PBXFileReference; fileEncoding = 4; lastKnownFileType = sourcecode.swift; path = SodaAPIClient.swift; sourceTree = "<group>"; };
		1B0A37821DDE4B4B00E095D6 /* Secrets.swift */ = {isa = PBXFileReference; fileEncoding = 4; lastKnownFileType = sourcecode.swift; path = Secrets.swift; sourceTree = "<group>"; };
		1B0A37831DDE4B4B00E095D6 /* Landmark.swift */ = {isa = PBXFileReference; fileEncoding = 4; lastKnownFileType = sourcecode.swift; path = Landmark.swift; sourceTree = "<group>"; };
		1B0A37841DDE4B4B00E095D6 /* DataStore.swift */ = {isa = PBXFileReference; fileEncoding = 4; lastKnownFileType = sourcecode.swift; path = DataStore.swift; sourceTree = "<group>"; };
		1B0BBE071DDF588E0018E274 /* LocationManager.swift */ = {isa = PBXFileReference; fileEncoding = 4; lastKnownFileType = sourcecode.swift; path = LocationManager.swift; sourceTree = "<group>"; };
		1B12092F1DE374D8003E306E /* UnlocatedTableViewController.swift */ = {isa = PBXFileReference; fileEncoding = 4; lastKnownFileType = sourcecode.swift; path = UnlocatedTableViewController.swift; sourceTree = "<group>"; };
		1B1209321DE377B4003E306E /* UnlocatedDetailViewController.swift */ = {isa = PBXFileReference; fileEncoding = 4; lastKnownFileType = sourcecode.swift; path = UnlocatedDetailViewController.swift; sourceTree = "<group>"; };
		1B1D716F1DDD099E00CB1D3F /* FirebaseInteractor.swift */ = {isa = PBXFileReference; fileEncoding = 4; lastKnownFileType = sourcecode.swift; path = FirebaseInteractor.swift; sourceTree = "<group>"; };
		1B1D71711DDD0C9D00CB1D3F /* GoogleService-Info.plist */ = {isa = PBXFileReference; fileEncoding = 4; lastKnownFileType = text.plist.xml; path = "GoogleService-Info.plist"; sourceTree = "<group>"; };
		1B4517AA1DDD059A0060292D /* LemonHandshakeDatabase.app */ = {isa = PBXFileReference; explicitFileType = wrapper.application; includeInIndex = 0; path = LemonHandshakeDatabase.app; sourceTree = BUILT_PRODUCTS_DIR; };
		1B4517AD1DDD059A0060292D /* AppDelegate.swift */ = {isa = PBXFileReference; lastKnownFileType = sourcecode.swift; path = AppDelegate.swift; sourceTree = "<group>"; };
		1B4517AF1DDD059A0060292D /* ViewController.swift */ = {isa = PBXFileReference; lastKnownFileType = sourcecode.swift; path = ViewController.swift; sourceTree = "<group>"; };
		1B4517B21DDD059A0060292D /* Base */ = {isa = PBXFileReference; lastKnownFileType = file.storyboard; name = Base; path = Base.lproj/Main.storyboard; sourceTree = "<group>"; };
		1B4517B41DDD059A0060292D /* Assets.xcassets */ = {isa = PBXFileReference; lastKnownFileType = folder.assetcatalog; path = Assets.xcassets; sourceTree = "<group>"; };
		1B4517B71DDD059A0060292D /* Base */ = {isa = PBXFileReference; lastKnownFileType = file.storyboard; name = Base; path = Base.lproj/LaunchScreen.storyboard; sourceTree = "<group>"; };
		1B4517B91DDD059A0060292D /* Info.plist */ = {isa = PBXFileReference; lastKnownFileType = text.plist.xml; path = Info.plist; sourceTree = "<group>"; };
		607E0425952358F31C313F27 /* Pods-LemonHandshakeDatabase.release.xcconfig */ = {isa = PBXFileReference; includeInIndex = 1; lastKnownFileType = text.xcconfig; name = "Pods-LemonHandshakeDatabase.release.xcconfig"; path = "Pods/Target Support Files/Pods-LemonHandshakeDatabase/Pods-LemonHandshakeDatabase.release.xcconfig"; sourceTree = "<group>"; };
		B8635ADD3103AAA3C8F4102A /* Pods-LemonHandshakeDatabase.debug.xcconfig */ = {isa = PBXFileReference; includeInIndex = 1; lastKnownFileType = text.xcconfig; name = "Pods-LemonHandshakeDatabase.debug.xcconfig"; path = "Pods/Target Support Files/Pods-LemonHandshakeDatabase/Pods-LemonHandshakeDatabase.debug.xcconfig"; sourceTree = "<group>"; };
/* End PBXFileReference section */

/* Begin PBXFrameworksBuildPhase section */
		1B4517A71DDD059A0060292D /* Frameworks */ = {
			isa = PBXFrameworksBuildPhase;
			buildActionMask = 2147483647;
			files = (
				2A39F04060EB60802B29BB1B /* Pods_LemonHandshakeDatabase.framework in Frameworks */,
			);
			runOnlyForDeploymentPostprocessing = 0;
		};
/* End PBXFrameworksBuildPhase section */

/* Begin PBXGroup section */
		1B1209311DE374F0003E306E /* ViewControllers */ = {
			isa = PBXGroup;
			children = (
				1B4517AF1DDD059A0060292D /* ViewController.swift */,
				1B12092F1DE374D8003E306E /* UnlocatedTableViewController.swift */,
				1B1209321DE377B4003E306E /* UnlocatedDetailViewController.swift */,
			);
			name = ViewControllers;
			sourceTree = "<group>";
		};
		1B4517A11DDD059A0060292D = {
			isa = PBXGroup;
			children = (
				1B4517AC1DDD059A0060292D /* LemonHandshakeDatabase */,
				1B4517AB1DDD059A0060292D /* Products */,
				96D85487D1B40D4CEBA346F2 /* Pods */,
				DCAB13C26F0936EF8C7F8D23 /* Frameworks */,
			);
			sourceTree = "<group>";
		};
		1B4517AB1DDD059A0060292D /* Products */ = {
			isa = PBXGroup;
			children = (
				1B4517AA1DDD059A0060292D /* LemonHandshakeDatabase.app */,
			);
			name = Products;
			sourceTree = "<group>";
		};
		1B4517AC1DDD059A0060292D /* LemonHandshakeDatabase */ = {
			isa = PBXGroup;
			children = (
				1B1209311DE374F0003E306E /* ViewControllers */,
				1B0A37811DDE4B4B00E095D6 /* SodaAPIClient.swift */,
				1B0A37821DDE4B4B00E095D6 /* Secrets.swift */,
				1B0A37831DDE4B4B00E095D6 /* Landmark.swift */,
				1B0A37841DDE4B4B00E095D6 /* DataStore.swift */,
				1B4517AD1DDD059A0060292D /* AppDelegate.swift */,
				1B1D716F1DDD099E00CB1D3F /* FirebaseInteractor.swift */,
				1B4517B11DDD059A0060292D /* Main.storyboard */,
				1B4517B41DDD059A0060292D /* Assets.xcassets */,
				1B4517B61DDD059A0060292D /* LaunchScreen.storyboard */,
				1B4517B91DDD059A0060292D /* Info.plist */,
				1B1D71711DDD0C9D00CB1D3F /* GoogleService-Info.plist */,
				1B0BBE071DDF588E0018E274 /* LocationManager.swift */,
			);
			path = LemonHandshakeDatabase;
			sourceTree = "<group>";
		};
		96D85487D1B40D4CEBA346F2 /* Pods */ = {
			isa = PBXGroup;
			children = (
				B8635ADD3103AAA3C8F4102A /* Pods-LemonHandshakeDatabase.debug.xcconfig */,
				607E0425952358F31C313F27 /* Pods-LemonHandshakeDatabase.release.xcconfig */,
			);
			name = Pods;
			sourceTree = "<group>";
		};
		DCAB13C26F0936EF8C7F8D23 /* Frameworks */ = {
			isa = PBXGroup;
			children = (
				0DFE646C94E904F805154D8F /* Pods_LemonHandshakeDatabase.framework */,
			);
			name = Frameworks;
			sourceTree = "<group>";
		};
/* End PBXGroup section */

/* Begin PBXNativeTarget section */
		1B4517A91DDD059A0060292D /* LemonHandshakeDatabase */ = {
			isa = PBXNativeTarget;
			buildConfigurationList = 1B4517BC1DDD059A0060292D /* Build configuration list for PBXNativeTarget "LemonHandshakeDatabase" */;
			buildPhases = (
				9F4BBDE586AF0946D906AADA /* [CP] Check Pods Manifest.lock */,
				1B4517A61DDD059A0060292D /* Sources */,
				1B4517A71DDD059A0060292D /* Frameworks */,
				1B4517A81DDD059A0060292D /* Resources */,
				72FF14E68304F08496C6C3E2 /* [CP] Embed Pods Frameworks */,
				1C170F45A588FEE1A00A8C69 /* [CP] Copy Pods Resources */,
			);
			buildRules = (
			);
			dependencies = (
			);
			name = LemonHandshakeDatabase;
			productName = LemonHandshakeDatabase;
			productReference = 1B4517AA1DDD059A0060292D /* LemonHandshakeDatabase.app */;
			productType = "com.apple.product-type.application";
		};
/* End PBXNativeTarget section */

/* Begin PBXProject section */
		1B4517A21DDD059A0060292D /* Project object */ = {
			isa = PBXProject;
			attributes = {
				LastSwiftUpdateCheck = 0810;
				LastUpgradeCheck = 0810;
				ORGANIZATIONNAME = "Flatiron School";
				TargetAttributes = {
					1B4517A91DDD059A0060292D = {
						CreatedOnToolsVersion = 8.1;
						ProvisioningStyle = Automatic;
					};
				};
			};
			buildConfigurationList = 1B4517A51DDD059A0060292D /* Build configuration list for PBXProject "LemonHandshakeDatabase" */;
			compatibilityVersion = "Xcode 3.2";
			developmentRegion = English;
			hasScannedForEncodings = 0;
			knownRegions = (
				en,
				Base,
			);
			mainGroup = 1B4517A11DDD059A0060292D;
			productRefGroup = 1B4517AB1DDD059A0060292D /* Products */;
			projectDirPath = "";
			projectRoot = "";
			targets = (
				1B4517A91DDD059A0060292D /* LemonHandshakeDatabase */,
			);
		};
/* End PBXProject section */

/* Begin PBXResourcesBuildPhase section */
		1B4517A81DDD059A0060292D /* Resources */ = {
			isa = PBXResourcesBuildPhase;
			buildActionMask = 2147483647;
			files = (
				1B4517B81DDD059A0060292D /* LaunchScreen.storyboard in Resources */,
				1B1D71721DDD0C9D00CB1D3F /* GoogleService-Info.plist in Resources */,
				1B4517B51DDD059A0060292D /* Assets.xcassets in Resources */,
				1B4517B31DDD059A0060292D /* Main.storyboard in Resources */,
			);
			runOnlyForDeploymentPostprocessing = 0;
		};
/* End PBXResourcesBuildPhase section */

/* Begin PBXShellScriptBuildPhase section */
		1C170F45A588FEE1A00A8C69 /* [CP] Copy Pods Resources */ = {
			isa = PBXShellScriptBuildPhase;
			buildActionMask = 2147483647;
			files = (
			);
			inputPaths = (
			);
			name = "[CP] Copy Pods Resources";
			outputPaths = (
			);
			runOnlyForDeploymentPostprocessing = 0;
			shellPath = /bin/sh;
			shellScript = "\"${SRCROOT}/Pods/Target Support Files/Pods-LemonHandshakeDatabase/Pods-LemonHandshakeDatabase-resources.sh\"\n";
			showEnvVarsInLog = 0;
		};
		72FF14E68304F08496C6C3E2 /* [CP] Embed Pods Frameworks */ = {
			isa = PBXShellScriptBuildPhase;
			buildActionMask = 2147483647;
			files = (
			);
			inputPaths = (
			);
			name = "[CP] Embed Pods Frameworks";
			outputPaths = (
			);
			runOnlyForDeploymentPostprocessing = 0;
			shellPath = /bin/sh;
			shellScript = "\"${SRCROOT}/Pods/Target Support Files/Pods-LemonHandshakeDatabase/Pods-LemonHandshakeDatabase-frameworks.sh\"\n";
			showEnvVarsInLog = 0;
		};
		9F4BBDE586AF0946D906AADA /* [CP] Check Pods Manifest.lock */ = {
			isa = PBXShellScriptBuildPhase;
			buildActionMask = 2147483647;
			files = (
			);
			inputPaths = (
			);
			name = "[CP] Check Pods Manifest.lock";
			outputPaths = (
			);
			runOnlyForDeploymentPostprocessing = 0;
			shellPath = /bin/sh;
			shellScript = "diff \"${PODS_ROOT}/../Podfile.lock\" \"${PODS_ROOT}/Manifest.lock\" > /dev/null\nif [[ $? != 0 ]] ; then\n    cat << EOM\nerror: The sandbox is not in sync with the Podfile.lock. Run 'pod install' or update your CocoaPods installation.\nEOM\n    exit 1\nfi\n";
			showEnvVarsInLog = 0;
		};
/* End PBXShellScriptBuildPhase section */

/* Begin PBXSourcesBuildPhase section */
		1B4517A61DDD059A0060292D /* Sources */ = {
			isa = PBXSourcesBuildPhase;
			buildActionMask = 2147483647;
			files = (
				1B0A37881DDE4B4B00E095D6 /* DataStore.swift in Sources */,
				1B1209301DE374D8003E306E /* UnlocatedTableViewController.swift in Sources */,
				1B4517B01DDD059A0060292D /* ViewController.swift in Sources */,
				1B0A37861DDE4B4B00E095D6 /* Secrets.swift in Sources */,
				1B4517AE1DDD059A0060292D /* AppDelegate.swift in Sources */,
				1B0BBE081DDF588E0018E274 /* LocationManager.swift in Sources */,
				1B0A37851DDE4B4B00E095D6 /* SodaAPIClient.swift in Sources */,
				1B1D71701DDD099E00CB1D3F /* FirebaseInteractor.swift in Sources */,
				1B0A37871DDE4B4B00E095D6 /* Landmark.swift in Sources */,
				1B1209331DE377B4003E306E /* UnlocatedDetailViewController.swift in Sources */,
			);
			runOnlyForDeploymentPostprocessing = 0;
		};
/* End PBXSourcesBuildPhase section */

/* Begin PBXVariantGroup section */
		1B4517B11DDD059A0060292D /* Main.storyboard */ = {
			isa = PBXVariantGroup;
			children = (
				1B4517B21DDD059A0060292D /* Base */,
			);
			name = Main.storyboard;
			sourceTree = "<group>";
		};
		1B4517B61DDD059A0060292D /* LaunchScreen.storyboard */ = {
			isa = PBXVariantGroup;
			children = (
				1B4517B71DDD059A0060292D /* Base */,
			);
			name = LaunchScreen.storyboard;
			sourceTree = "<group>";
		};
/* End PBXVariantGroup section */

/* Begin XCBuildConfiguration section */
		1B4517BA1DDD059A0060292D /* Debug */ = {
			isa = XCBuildConfiguration;
			buildSettings = {
				ALWAYS_SEARCH_USER_PATHS = NO;
				CLANG_ANALYZER_NONNULL = YES;
				CLANG_CXX_LANGUAGE_STANDARD = "gnu++0x";
				CLANG_CXX_LIBRARY = "libc++";
				CLANG_ENABLE_MODULES = YES;
				CLANG_ENABLE_OBJC_ARC = YES;
				CLANG_WARN_BOOL_CONVERSION = YES;
				CLANG_WARN_CONSTANT_CONVERSION = YES;
				CLANG_WARN_DIRECT_OBJC_ISA_USAGE = YES_ERROR;
				CLANG_WARN_DOCUMENTATION_COMMENTS = YES;
				CLANG_WARN_EMPTY_BODY = YES;
				CLANG_WARN_ENUM_CONVERSION = YES;
				CLANG_WARN_INFINITE_RECURSION = YES;
				CLANG_WARN_INT_CONVERSION = YES;
				CLANG_WARN_OBJC_ROOT_CLASS = YES_ERROR;
				CLANG_WARN_SUSPICIOUS_MOVES = YES;
				CLANG_WARN_UNREACHABLE_CODE = YES;
				CLANG_WARN__DUPLICATE_METHOD_MATCH = YES;
				"CODE_SIGN_IDENTITY[sdk=iphoneos*]" = "iPhone Developer";
				COPY_PHASE_STRIP = NO;
				DEBUG_INFORMATION_FORMAT = dwarf;
				ENABLE_STRICT_OBJC_MSGSEND = YES;
				ENABLE_TESTABILITY = YES;
				GCC_C_LANGUAGE_STANDARD = gnu99;
				GCC_DYNAMIC_NO_PIC = NO;
				GCC_NO_COMMON_BLOCKS = YES;
				GCC_OPTIMIZATION_LEVEL = 0;
				GCC_PREPROCESSOR_DEFINITIONS = (
					"DEBUG=1",
					"$(inherited)",
				);
				GCC_WARN_64_TO_32_BIT_CONVERSION = YES;
				GCC_WARN_ABOUT_RETURN_TYPE = YES_ERROR;
				GCC_WARN_UNDECLARED_SELECTOR = YES;
				GCC_WARN_UNINITIALIZED_AUTOS = YES_AGGRESSIVE;
				GCC_WARN_UNUSED_FUNCTION = YES;
				GCC_WARN_UNUSED_VARIABLE = YES;
				IPHONEOS_DEPLOYMENT_TARGET = 10.1;
				MTL_ENABLE_DEBUG_INFO = YES;
				ONLY_ACTIVE_ARCH = YES;
				SDKROOT = iphoneos;
				SWIFT_ACTIVE_COMPILATION_CONDITIONS = DEBUG;
				SWIFT_OPTIMIZATION_LEVEL = "-Onone";
				TARGETED_DEVICE_FAMILY = "1,2";
			};
			name = Debug;
		};
		1B4517BB1DDD059A0060292D /* Release */ = {
			isa = XCBuildConfiguration;
			buildSettings = {
				ALWAYS_SEARCH_USER_PATHS = NO;
				CLANG_ANALYZER_NONNULL = YES;
				CLANG_CXX_LANGUAGE_STANDARD = "gnu++0x";
				CLANG_CXX_LIBRARY = "libc++";
				CLANG_ENABLE_MODULES = YES;
				CLANG_ENABLE_OBJC_ARC = YES;
				CLANG_WARN_BOOL_CONVERSION = YES;
				CLANG_WARN_CONSTANT_CONVERSION = YES;
				CLANG_WARN_DIRECT_OBJC_ISA_USAGE = YES_ERROR;
				CLANG_WARN_DOCUMENTATION_COMMENTS = YES;
				CLANG_WARN_EMPTY_BODY = YES;
				CLANG_WARN_ENUM_CONVERSION = YES;
				CLANG_WARN_INFINITE_RECURSION = YES;
				CLANG_WARN_INT_CONVERSION = YES;
				CLANG_WARN_OBJC_ROOT_CLASS = YES_ERROR;
				CLANG_WARN_SUSPICIOUS_MOVES = YES;
				CLANG_WARN_UNREACHABLE_CODE = YES;
				CLANG_WARN__DUPLICATE_METHOD_MATCH = YES;
				"CODE_SIGN_IDENTITY[sdk=iphoneos*]" = "iPhone Developer";
				COPY_PHASE_STRIP = NO;
				DEBUG_INFORMATION_FORMAT = "dwarf-with-dsym";
				ENABLE_NS_ASSERTIONS = NO;
				ENABLE_STRICT_OBJC_MSGSEND = YES;
				GCC_C_LANGUAGE_STANDARD = gnu99;
				GCC_NO_COMMON_BLOCKS = YES;
				GCC_WARN_64_TO_32_BIT_CONVERSION = YES;
				GCC_WARN_ABOUT_RETURN_TYPE = YES_ERROR;
				GCC_WARN_UNDECLARED_SELECTOR = YES;
				GCC_WARN_UNINITIALIZED_AUTOS = YES_AGGRESSIVE;
				GCC_WARN_UNUSED_FUNCTION = YES;
				GCC_WARN_UNUSED_VARIABLE = YES;
				IPHONEOS_DEPLOYMENT_TARGET = 10.1;
				MTL_ENABLE_DEBUG_INFO = NO;
				SDKROOT = iphoneos;
				SWIFT_OPTIMIZATION_LEVEL = "-Owholemodule";
				TARGETED_DEVICE_FAMILY = "1,2";
				VALIDATE_PRODUCT = YES;
			};
			name = Release;
		};
		1B4517BD1DDD059A0060292D /* Debug */ = {
			isa = XCBuildConfiguration;
			baseConfigurationReference = B8635ADD3103AAA3C8F4102A /* Pods-LemonHandshakeDatabase.debug.xcconfig */;
			buildSettings = {
				ASSETCATALOG_COMPILER_APPICON_NAME = AppIcon;
				INFOPLIST_FILE = LemonHandshakeDatabase/Info.plist;
				LD_RUNPATH_SEARCH_PATHS = "$(inherited) @executable_path/Frameworks";
				PRODUCT_BUNDLE_IDENTIFIER = com.flatiron.LemonHandshakeDatabase;
				PRODUCT_NAME = "$(TARGET_NAME)";
				SWIFT_VERSION = 3.0;
			};
			name = Debug;
		};
		1B4517BE1DDD059A0060292D /* Release */ = {
			isa = XCBuildConfiguration;
			baseConfigurationReference = 607E0425952358F31C313F27 /* Pods-LemonHandshakeDatabase.release.xcconfig */;
			buildSettings = {
				ASSETCATALOG_COMPILER_APPICON_NAME = AppIcon;
				INFOPLIST_FILE = LemonHandshakeDatabase/Info.plist;
				LD_RUNPATH_SEARCH_PATHS = "$(inherited) @executable_path/Frameworks";
				PRODUCT_BUNDLE_IDENTIFIER = com.flatiron.LemonHandshakeDatabase;
				PRODUCT_NAME = "$(TARGET_NAME)";
				SWIFT_VERSION = 3.0;
			};
			name = Release;
		};
/* End XCBuildConfiguration section */

/* Begin XCConfigurationList section */
		1B4517A51DDD059A0060292D /* Build configuration list for PBXProject "LemonHandshakeDatabase" */ = {
			isa = XCConfigurationList;
			buildConfigurations = (
				1B4517BA1DDD059A0060292D /* Debug */,
				1B4517BB1DDD059A0060292D /* Release */,
			);
			defaultConfigurationIsVisible = 0;
			defaultConfigurationName = Release;
		};
		1B4517BC1DDD059A0060292D /* Build configuration list for PBXNativeTarget "LemonHandshakeDatabase" */ = {
			isa = XCConfigurationList;
			buildConfigurations = (
				1B4517BD1DDD059A0060292D /* Debug */,
				1B4517BE1DDD059A0060292D /* Release */,
			);
			defaultConfigurationIsVisible = 0;
			defaultConfigurationName = Release;
		};
/* End XCConfigurationList section */
	};
	rootObject = 1B4517A21DDD059A0060292D /* Project object */;
}
