// !$*UTF8*$!
{
	archiveVersion = 1;
	classes = {
	};
	objectVersion = 46;
	objects = {

/* Begin PBXBuildFile section */
		1B4517911DDCFE0A0060292D /* AppDelegate.swift in Sources */ = {isa = PBXBuildFile; fileRef = 1B4517901DDCFE0A0060292D /* AppDelegate.swift */; };
		1B4517931DDCFE0A0060292D /* ViewController.swift in Sources */ = {isa = PBXBuildFile; fileRef = 1B4517921DDCFE0A0060292D /* ViewController.swift */; };
		1B4517951DDCFE0A0060292D /* Assets.xcassets in Resources */ = {isa = PBXBuildFile; fileRef = 1B4517941DDCFE0A0060292D /* Assets.xcassets */; };
		1B4517981DDCFE0A0060292D /* Main.storyboard in Resources */ = {isa = PBXBuildFile; fileRef = 1B4517961DDCFE0A0060292D /* Main.storyboard */; };
		C122D0B72C67B02FA1984504 /* Pods_LemonHandshakeDatabaseMaker.framework in Frameworks */ = {isa = PBXBuildFile; fileRef = 46B650B3408993AFAA8057F1 /* Pods_LemonHandshakeDatabaseMaker.framework */; };
/* End PBXBuildFile section */

/* Begin PBXFileReference section */
		1B45178D1DDCFE0A0060292D /* LemonHandshakeDatabaseMaker.app */ = {isa = PBXFileReference; explicitFileType = wrapper.application; includeInIndex = 0; path = LemonHandshakeDatabaseMaker.app; sourceTree = BUILT_PRODUCTS_DIR; };
		1B4517901DDCFE0A0060292D /* AppDelegate.swift */ = {isa = PBXFileReference; lastKnownFileType = sourcecode.swift; path = AppDelegate.swift; sourceTree = "<group>"; };
		1B4517921DDCFE0A0060292D /* ViewController.swift */ = {isa = PBXFileReference; lastKnownFileType = sourcecode.swift; path = ViewController.swift; sourceTree = "<group>"; };
		1B4517941DDCFE0A0060292D /* Assets.xcassets */ = {isa = PBXFileReference; lastKnownFileType = folder.assetcatalog; path = Assets.xcassets; sourceTree = "<group>"; };
		1B4517971DDCFE0A0060292D /* Base */ = {isa = PBXFileReference; lastKnownFileType = file.storyboard; name = Base; path = Base.lproj/Main.storyboard; sourceTree = "<group>"; };
		1B4517991DDCFE0A0060292D /* Info.plist */ = {isa = PBXFileReference; lastKnownFileType = text.plist.xml; path = Info.plist; sourceTree = "<group>"; };
		2F14530A24FC7AF4E829C02E /* Pods-LemonHandshakeDatabaseMaker.debug.xcconfig */ = {isa = PBXFileReference; includeInIndex = 1; lastKnownFileType = text.xcconfig; name = "Pods-LemonHandshakeDatabaseMaker.debug.xcconfig"; path = "Pods/Target Support Files/Pods-LemonHandshakeDatabaseMaker/Pods-LemonHandshakeDatabaseMaker.debug.xcconfig"; sourceTree = "<group>"; };
		46B650B3408993AFAA8057F1 /* Pods_LemonHandshakeDatabaseMaker.framework */ = {isa = PBXFileReference; explicitFileType = wrapper.framework; includeInIndex = 0; path = Pods_LemonHandshakeDatabaseMaker.framework; sourceTree = BUILT_PRODUCTS_DIR; };
		FA02874E808C6AF9F84A7EE8 /* Pods-LemonHandshakeDatabaseMaker.release.xcconfig */ = {isa = PBXFileReference; includeInIndex = 1; lastKnownFileType = text.xcconfig; name = "Pods-LemonHandshakeDatabaseMaker.release.xcconfig"; path = "Pods/Target Support Files/Pods-LemonHandshakeDatabaseMaker/Pods-LemonHandshakeDatabaseMaker.release.xcconfig"; sourceTree = "<group>"; };
/* End PBXFileReference section */

/* Begin PBXFrameworksBuildPhase section */
		1B45178A1DDCFE0A0060292D /* Frameworks */ = {
			isa = PBXFrameworksBuildPhase;
			buildActionMask = 2147483647;
			files = (
				C122D0B72C67B02FA1984504 /* Pods_LemonHandshakeDatabaseMaker.framework in Frameworks */,
			);
			runOnlyForDeploymentPostprocessing = 0;
		};
/* End PBXFrameworksBuildPhase section */

/* Begin PBXGroup section */
		1B4517841DDCFE0A0060292D = {
			isa = PBXGroup;
			children = (
				1B45178F1DDCFE0A0060292D /* LemonHandshakeDatabaseMaker */,
				1B45178E1DDCFE0A0060292D /* Products */,
				2548299B316A1F12CA2B8301 /* Pods */,
				A47B950AC1330B62F17803F2 /* Frameworks */,
			);
			sourceTree = "<group>";
		};
		1B45178E1DDCFE0A0060292D /* Products */ = {
			isa = PBXGroup;
			children = (
				1B45178D1DDCFE0A0060292D /* LemonHandshakeDatabaseMaker.app */,
			);
			name = Products;
			sourceTree = "<group>";
		};
		1B45178F1DDCFE0A0060292D /* LemonHandshakeDatabaseMaker */ = {
			isa = PBXGroup;
			children = (
				1B4517901DDCFE0A0060292D /* AppDelegate.swift */,
				1B4517921DDCFE0A0060292D /* ViewController.swift */,
				1B4517941DDCFE0A0060292D /* Assets.xcassets */,
				1B4517961DDCFE0A0060292D /* Main.storyboard */,
				1B4517991DDCFE0A0060292D /* Info.plist */,
			);
			path = LemonHandshakeDatabaseMaker;
			sourceTree = "<group>";
		};
		2548299B316A1F12CA2B8301 /* Pods */ = {
			isa = PBXGroup;
			children = (
				2F14530A24FC7AF4E829C02E /* Pods-LemonHandshakeDatabaseMaker.debug.xcconfig */,
				FA02874E808C6AF9F84A7EE8 /* Pods-LemonHandshakeDatabaseMaker.release.xcconfig */,
			);
			name = Pods;
			sourceTree = "<group>";
		};
		A47B950AC1330B62F17803F2 /* Frameworks */ = {
			isa = PBXGroup;
			children = (
				46B650B3408993AFAA8057F1 /* Pods_LemonHandshakeDatabaseMaker.framework */,
			);
			name = Frameworks;
			sourceTree = "<group>";
		};
/* End PBXGroup section */

/* Begin PBXNativeTarget section */
		1B45178C1DDCFE0A0060292D /* LemonHandshakeDatabaseMaker */ = {
			isa = PBXNativeTarget;
			buildConfigurationList = 1B45179C1DDCFE0A0060292D /* Build configuration list for PBXNativeTarget "LemonHandshakeDatabaseMaker" */;
			buildPhases = (
				C7FBC93CF17334CFE719EB1E /* [CP] Check Pods Manifest.lock */,
				1B4517891DDCFE0A0060292D /* Sources */,
				1B45178A1DDCFE0A0060292D /* Frameworks */,
				1B45178B1DDCFE0A0060292D /* Resources */,
				D6EC85D95D0A9F28ACDF1049 /* [CP] Embed Pods Frameworks */,
				A57BB413F76D9155A87C6936 /* [CP] Copy Pods Resources */,
			);
			buildRules = (
			);
			dependencies = (
			);
			name = LemonHandshakeDatabaseMaker;
			productName = LemonHandshakeDatabaseMaker;
			productReference = 1B45178D1DDCFE0A0060292D /* LemonHandshakeDatabaseMaker.app */;
			productType = "com.apple.product-type.application";
		};
/* End PBXNativeTarget section */

/* Begin PBXProject section */
		1B4517851DDCFE0A0060292D /* Project object */ = {
			isa = PBXProject;
			attributes = {
				LastSwiftUpdateCheck = 0810;
				LastUpgradeCheck = 0810;
				ORGANIZATIONNAME = "Flatiron School";
				TargetAttributes = {
					1B45178C1DDCFE0A0060292D = {
						CreatedOnToolsVersion = 8.1;
						ProvisioningStyle = Automatic;
					};
				};
			};
			buildConfigurationList = 1B4517881DDCFE0A0060292D /* Build configuration list for PBXProject "LemonHandshakeDatabaseMaker" */;
			compatibilityVersion = "Xcode 3.2";
			developmentRegion = English;
			hasScannedForEncodings = 0;
			knownRegions = (
				en,
				Base,
			);
			mainGroup = 1B4517841DDCFE0A0060292D;
			productRefGroup = 1B45178E1DDCFE0A0060292D /* Products */;
			projectDirPath = "";
			projectRoot = "";
			targets = (
				1B45178C1DDCFE0A0060292D /* LemonHandshakeDatabaseMaker */,
			);
		};
/* End PBXProject section */

/* Begin PBXResourcesBuildPhase section */
		1B45178B1DDCFE0A0060292D /* Resources */ = {
			isa = PBXResourcesBuildPhase;
			buildActionMask = 2147483647;
			files = (
				1B4517951DDCFE0A0060292D /* Assets.xcassets in Resources */,
				1B4517981DDCFE0A0060292D /* Main.storyboard in Resources */,
			);
			runOnlyForDeploymentPostprocessing = 0;
		};
/* End PBXResourcesBuildPhase section */

/* Begin PBXShellScriptBuildPhase section */
		A57BB413F76D9155A87C6936 /* [CP] Copy Pods Resources */ = {
			isa = PBXShellScriptBuildPhase;
			buildActionMask = 2147483647;
			files = (
			);
			inputPaths = (
			);
			name = "[CP] Copy Pods Resources";
			outputPaths = (
			);
			runOnlyForDeploymentPostprocessing = 0;
			shellPath = /bin/sh;
			shellScript = "\"${SRCROOT}/Pods/Target Support Files/Pods-LemonHandshakeDatabaseMaker/Pods-LemonHandshakeDatabaseMaker-resources.sh\"\n";
			showEnvVarsInLog = 0;
		};
		C7FBC93CF17334CFE719EB1E /* [CP] Check Pods Manifest.lock */ = {
			isa = PBXShellScriptBuildPhase;
			buildActionMask = 2147483647;
			files = (
			);
			inputPaths = (
			);
			name = "[CP] Check Pods Manifest.lock";
			outputPaths = (
			);
			runOnlyForDeploymentPostprocessing = 0;
			shellPath = /bin/sh;
			shellScript = "diff \"${PODS_ROOT}/../Podfile.lock\" \"${PODS_ROOT}/Manifest.lock\" > /dev/null\nif [[ $? != 0 ]] ; then\n    cat << EOM\nerror: The sandbox is not in sync with the Podfile.lock. Run 'pod install' or update your CocoaPods installation.\nEOM\n    exit 1\nfi\n";
			showEnvVarsInLog = 0;
		};
		D6EC85D95D0A9F28ACDF1049 /* [CP] Embed Pods Frameworks */ = {
			isa = PBXShellScriptBuildPhase;
			buildActionMask = 2147483647;
			files = (
			);
			inputPaths = (
			);
			name = "[CP] Embed Pods Frameworks";
			outputPaths = (
			);
			runOnlyForDeploymentPostprocessing = 0;
			shellPath = /bin/sh;
			shellScript = "\"${SRCROOT}/Pods/Target Support Files/Pods-LemonHandshakeDatabaseMaker/Pods-LemonHandshakeDatabaseMaker-frameworks.sh\"\n";
			showEnvVarsInLog = 0;
		};
/* End PBXShellScriptBuildPhase section */

/* Begin PBXSourcesBuildPhase section */
		1B4517891DDCFE0A0060292D /* Sources */ = {
			isa = PBXSourcesBuildPhase;
			buildActionMask = 2147483647;
			files = (
				1B4517931DDCFE0A0060292D /* ViewController.swift in Sources */,
				1B4517911DDCFE0A0060292D /* AppDelegate.swift in Sources */,
			);
			runOnlyForDeploymentPostprocessing = 0;
		};
/* End PBXSourcesBuildPhase section */

/* Begin PBXVariantGroup section */
		1B4517961DDCFE0A0060292D /* Main.storyboard */ = {
			isa = PBXVariantGroup;
			children = (
				1B4517971DDCFE0A0060292D /* Base */,
			);
			name = Main.storyboard;
			sourceTree = "<group>";
		};
/* End PBXVariantGroup section */

/* Begin XCBuildConfiguration section */
		1B45179A1DDCFE0A0060292D /* Debug */ = {
			isa = XCBuildConfiguration;
			buildSettings = {
				ALWAYS_SEARCH_USER_PATHS = NO;
				CLANG_ANALYZER_NONNULL = YES;
				CLANG_CXX_LANGUAGE_STANDARD = "gnu++0x";
				CLANG_CXX_LIBRARY = "libc++";
				CLANG_ENABLE_MODULES = YES;
				CLANG_ENABLE_OBJC_ARC = YES;
				CLANG_WARN_BOOL_CONVERSION = YES;
				CLANG_WARN_CONSTANT_CONVERSION = YES;
				CLANG_WARN_DIRECT_OBJC_ISA_USAGE = YES_ERROR;
				CLANG_WARN_DOCUMENTATION_COMMENTS = YES;
				CLANG_WARN_EMPTY_BODY = YES;
				CLANG_WARN_ENUM_CONVERSION = YES;
				CLANG_WARN_INFINITE_RECURSION = YES;
				CLANG_WARN_INT_CONVERSION = YES;
				CLANG_WARN_OBJC_ROOT_CLASS = YES_ERROR;
				CLANG_WARN_SUSPICIOUS_MOVES = YES;
				CLANG_WARN_UNREACHABLE_CODE = YES;
				CLANG_WARN__DUPLICATE_METHOD_MATCH = YES;
				CODE_SIGN_IDENTITY = "-";
				COPY_PHASE_STRIP = NO;
				DEBUG_INFORMATION_FORMAT = dwarf;
				ENABLE_STRICT_OBJC_MSGSEND = YES;
				ENABLE_TESTABILITY = YES;
				GCC_C_LANGUAGE_STANDARD = gnu99;
				GCC_DYNAMIC_NO_PIC = NO;
				GCC_NO_COMMON_BLOCKS = YES;
				GCC_OPTIMIZATION_LEVEL = 0;
				GCC_PREPROCESSOR_DEFINITIONS = (
					"DEBUG=1",
					"$(inherited)",
				);
				GCC_WARN_64_TO_32_BIT_CONVERSION = YES;
				GCC_WARN_ABOUT_RETURN_TYPE = YES_ERROR;
				GCC_WARN_UNDECLARED_SELECTOR = YES;
				GCC_WARN_UNINITIALIZED_AUTOS = YES_AGGRESSIVE;
				GCC_WARN_UNUSED_FUNCTION = YES;
				GCC_WARN_UNUSED_VARIABLE = YES;
				MACOSX_DEPLOYMENT_TARGET = 10.12;
				MTL_ENABLE_DEBUG_INFO = YES;
				ONLY_ACTIVE_ARCH = YES;
				SDKROOT = macosx;
				SWIFT_ACTIVE_COMPILATION_CONDITIONS = DEBUG;
				SWIFT_OPTIMIZATION_LEVEL = "-Onone";
			};
			name = Debug;
		};
		1B45179B1DDCFE0A0060292D /* Release */ = {
			isa = XCBuildConfiguration;
			buildSettings = {
				ALWAYS_SEARCH_USER_PATHS = NO;
				CLANG_ANALYZER_NONNULL = YES;
				CLANG_CXX_LANGUAGE_STANDARD = "gnu++0x";
				CLANG_CXX_LIBRARY = "libc++";
				CLANG_ENABLE_MODULES = YES;
				CLANG_ENABLE_OBJC_ARC = YES;
				CLANG_WARN_BOOL_CONVERSION = YES;
				CLANG_WARN_CONSTANT_CONVERSION = YES;
				CLANG_WARN_DIRECT_OBJC_ISA_USAGE = YES_ERROR;
				CLANG_WARN_DOCUMENTATION_COMMENTS = YES;
				CLANG_WARN_EMPTY_BODY = YES;
				CLANG_WARN_ENUM_CONVERSION = YES;
				CLANG_WARN_INFINITE_RECURSION = YES;
				CLANG_WARN_INT_CONVERSION = YES;
				CLANG_WARN_OBJC_ROOT_CLASS = YES_ERROR;
				CLANG_WARN_SUSPICIOUS_MOVES = YES;
				CLANG_WARN_UNREACHABLE_CODE = YES;
				CLANG_WARN__DUPLICATE_METHOD_MATCH = YES;
				CODE_SIGN_IDENTITY = "-";
				COPY_PHASE_STRIP = NO;
				DEBUG_INFORMATION_FORMAT = "dwarf-with-dsym";
				ENABLE_NS_ASSERTIONS = NO;
				ENABLE_STRICT_OBJC_MSGSEND = YES;
				GCC_C_LANGUAGE_STANDARD = gnu99;
				GCC_NO_COMMON_BLOCKS = YES;
				GCC_WARN_64_TO_32_BIT_CONVERSION = YES;
				GCC_WARN_ABOUT_RETURN_TYPE = YES_ERROR;
				GCC_WARN_UNDECLARED_SELECTOR = YES;
				GCC_WARN_UNINITIALIZED_AUTOS = YES_AGGRESSIVE;
				GCC_WARN_UNUSED_FUNCTION = YES;
				GCC_WARN_UNUSED_VARIABLE = YES;
				MACOSX_DEPLOYMENT_TARGET = 10.12;
				MTL_ENABLE_DEBUG_INFO = NO;
				SDKROOT = macosx;
				SWIFT_OPTIMIZATION_LEVEL = "-Owholemodule";
			};
			name = Release;
		};
		1B45179D1DDCFE0A0060292D /* Debug */ = {
			isa = XCBuildConfiguration;
			baseConfigurationReference = 2F14530A24FC7AF4E829C02E /* Pods-LemonHandshakeDatabaseMaker.debug.xcconfig */;
			buildSettings = {
				ASSETCATALOG_COMPILER_APPICON_NAME = AppIcon;
				COMBINE_HIDPI_IMAGES = YES;
				INFOPLIST_FILE = LemonHandshakeDatabaseMaker/Info.plist;
				LD_RUNPATH_SEARCH_PATHS = "$(inherited) @executable_path/../Frameworks";
				PRODUCT_BUNDLE_IDENTIFIER = com.flatiron.LemonHandshakeDatabaseMaker;
				PRODUCT_NAME = "$(TARGET_NAME)";
				SWIFT_VERSION = 3.0;
			};
			name = Debug;
		};
		1B45179E1DDCFE0A0060292D /* Release */ = {
			isa = XCBuildConfiguration;
			baseConfigurationReference = FA02874E808C6AF9F84A7EE8 /* Pods-LemonHandshakeDatabaseMaker.release.xcconfig */;
			buildSettings = {
				ASSETCATALOG_COMPILER_APPICON_NAME = AppIcon;
				COMBINE_HIDPI_IMAGES = YES;
				INFOPLIST_FILE = LemonHandshakeDatabaseMaker/Info.plist;
				LD_RUNPATH_SEARCH_PATHS = "$(inherited) @executable_path/../Frameworks";
				PRODUCT_BUNDLE_IDENTIFIER = com.flatiron.LemonHandshakeDatabaseMaker;
				PRODUCT_NAME = "$(TARGET_NAME)";
				SWIFT_VERSION = 3.0;
			};
			name = Release;
		};
/* End XCBuildConfiguration section */

/* Begin XCConfigurationList section */
		1B4517881DDCFE0A0060292D /* Build configuration list for PBXProject "LemonHandshakeDatabaseMaker" */ = {
			isa = XCConfigurationList;
			buildConfigurations = (
				1B45179A1DDCFE0A0060292D /* Debug */,
				1B45179B1DDCFE0A0060292D /* Release */,
			);
			defaultConfigurationIsVisible = 0;
			defaultConfigurationName = Release;
		};
		1B45179C1DDCFE0A0060292D /* Build configuration list for PBXNativeTarget "LemonHandshakeDatabaseMaker" */ = {
			isa = XCConfigurationList;
			buildConfigurations = (
				1B45179D1DDCFE0A0060292D /* Debug */,
				1B45179E1DDCFE0A0060292D /* Release */,
			);
			defaultConfigurationIsVisible = 0;
			defaultConfigurationName = Release;
		};
/* End XCConfigurationList section */
	};
	rootObject = 1B4517851DDCFE0A0060292D /* Project object */;
}
